
Microsoft Visual Studio Solution File, Format Version 12.00
# Visual Studio Version 17
VisualStudioVersion = 17.14.36518.9 d17.14
MinimumVisualStudioVersion = 10.0.40219.1
Project("{FAE04EC0-301F-11D3-BF4B-00C04F79EFBC}") = "PortFDummy", "PortFDummy.csproj", "{33BB6222-3CDF-4DE6-AD68-230425CE3CC5}"
EndProject
Global
	GlobalSection(SolutionConfigurationPlatforms) = preSolution
		Debug|Any CPU = Debug|Any CPU
		Release|Any CPU = Release|Any CPU
	EndGlobalSection
	GlobalSection(ProjectConfigurationPlatforms) = postSolution
		{33BB6222-3CDF-4DE6-AD68-230425CE3CC5}.Debug|Any CPU.ActiveCfg = Debug|Any CPU
		{33BB6222-3CDF-4DE6-AD68-230425CE3CC5}.Debug|Any CPU.Build.0 = Debug|Any CPU
		{33BB6222-3CDF-4DE6-AD68-230425CE3CC5}.Release|Any CPU.ActiveCfg = Release|Any CPU
		{33BB6222-3CDF-4DE6-AD68-230425CE3CC5}.Release|Any CPU.Build.0 = Release|Any CPU
	EndGlobalSection
	GlobalSection(SolutionProperties) = preSolution
		HideSolutionNode = FALSE
	EndGlobalSection
	GlobalSection(ExtensibilityGlobals) = postSolution
		SolutionGuid = {4084F7B4-9D0F-4614-A52F-AF040263EA8B}
	EndGlobalSection
EndGlobal
